// !$*UTF8*$!
{
	archiveVersion = 1;
	classes = {
	};
	objectVersion = 46;
	objects = {

/* Begin PBXBuildFile section */
		46C4C08A1C4824E200318374 /* AppDelegate.swift in Sources */ = {isa = PBXBuildFile; fileRef = 46C4C0891C4824E200318374 /* AppDelegate.swift */; };
		46C4C08C1C4824E200318374 /* ViewController.swift in Sources */ = {isa = PBXBuildFile; fileRef = 46C4C08B1C4824E200318374 /* ViewController.swift */; };
		46C4C08F1C4824E200318374 /* Main.storyboard in Resources */ = {isa = PBXBuildFile; fileRef = 46C4C08D1C4824E200318374 /* Main.storyboard */; };
		46C4C0911C4824E200318374 /* Assets.xcassets in Resources */ = {isa = PBXBuildFile; fileRef = 46C4C0901C4824E200318374 /* Assets.xcassets */; };
		46C4C0941C4824E200318374 /* LaunchScreen.storyboard in Resources */ = {isa = PBXBuildFile; fileRef = 46C4C0921C4824E200318374 /* LaunchScreen.storyboard */; };
/* End PBXBuildFile section */

/* Begin PBXFileReference section */
		46C4C0861C4824E200318374 /* MyNeighbourhood.app */ = {isa = PBXFileReference; explicitFileType = wrapper.application; includeInIndex = 0; path = MyNeighbourhood.app; sourceTree = BUILT_PRODUCTS_DIR; };
		46C4C0891C4824E200318374 /* AppDelegate.swift */ = {isa = PBXFileReference; lastKnownFileType = sourcecode.swift; path = AppDelegate.swift; sourceTree = "<group>"; };
		46C4C08B1C4824E200318374 /* ViewController.swift */ = {isa = PBXFileReference; lastKnownFileType = sourcecode.swift; path = ViewController.swift; sourceTree = "<group>"; };
		46C4C08E1C4824E200318374 /* Base */ = {isa = PBXFileReference; lastKnownFileType = file.storyboard; name = Base; path = Base.lproj/Main.storyboard; sourceTree = "<group>"; };
		46C4C0901C4824E200318374 /* Assets.xcassets */ = {isa = PBXFileReference; lastKnownFileType = folder.assetcatalog; path = Assets.xcassets; sourceTree = "<group>"; };
		46C4C0931C4824E200318374 /* Base */ = {isa = PBXFileReference; lastKnownFileType = file.storyboard; name = Base; path = Base.lproj/LaunchScreen.storyboard; sourceTree = "<group>"; };
		46C4C0951C4824E200318374 /* Info.plist */ = {isa = PBXFileReference; lastKnownFileType = text.plist.xml; path = Info.plist; sourceTree = "<group>"; };
/* End PBXFileReference section */

/* Begin PBXFrameworksBuildPhase section */
		46C4C0831C4824E200318374 /* Frameworks */ = {
			isa = PBXFrameworksBuildPhase;
			buildActionMask = 2147483647;
			files = (
			);
			runOnlyForDeploymentPostprocessing = 0;
		};
/* End PBXFrameworksBuildPhase section */

/* Begin PBXGroup section */
		46C4C07D1C4824E200318374 = {
			isa = PBXGroup;
			children = (
				46C4C0881C4824E200318374 /* MyNeighbourhood */,
				46C4C0871C4824E200318374 /* Products */,
			);
			sourceTree = "<group>";
		};
		46C4C0871C4824E200318374 /* Products */ = {
			isa = PBXGroup;
			children = (
				46C4C0861C4824E200318374 /* MyNeighbourhood.app */,
			);
			name = Products;
			sourceTree = "<group>";
		};
		46C4C0881C4824E200318374 /* MyNeighbourhood */ = {
			isa = PBXGroup;
			children = (
				46C4C0891C4824E200318374 /* AppDelegate.swift */,
				46C4C08B1C4824E200318374 /* ViewController.swift */,
				46C4C08D1C4824E200318374 /* Main.storyboard */,
				46C4C0901C4824E200318374 /* Assets.xcassets */,
				46C4C0921C4824E200318374 /* LaunchScreen.storyboard */,
				46C4C0951C4824E200318374 /* Info.plist */,
			);
			path = MyNeighbourhood;
			sourceTree = "<group>";
		};
/* End PBXGroup section */

/* Begin PBXNativeTarget section */
		46C4C0851C4824E200318374 /* MyNeighbourhood */ = {
			isa = PBXNativeTarget;
			buildConfigurationList = 46C4C0981C4824E200318374 /* Build configuration list for PBXNativeTarget "MyNeighbourhood" */;
			buildPhases = (
				46C4C0821C4824E200318374 /* Sources */,
				46C4C0831C4824E200318374 /* Frameworks */,
				46C4C0841C4824E200318374 /* Resources */,
			);
			buildRules = (
			);
			dependencies = (
			);
			name = MyNeighbourhood;
			productName = MyNeighbourhood;
			productReference = 46C4C0861C4824E200318374 /* MyNeighbourhood.app */;
			productType = "com.apple.product-type.application";
		};
/* End PBXNativeTarget section */

/* Begin PBXProject section */
		46C4C07E1C4824E200318374 /* Project object */ = {
			isa = PBXProject;
			attributes = {
				LastSwiftUpdateCheck = 0720;
				LastUpgradeCheck = 0720;
				ORGANIZATIONNAME = "Alex Nguyen";
				TargetAttributes = {
					46C4C0851C4824E200318374 = {
						CreatedOnToolsVersion = 7.2;
					};
				};
			};
			buildConfigurationList = 46C4C0811C4824E200318374 /* Build configuration list for PBXProject "MyNeighbourhood" */;
			compatibilityVersion = "Xcode 3.2";
			developmentRegion = English;
			hasScannedForEncodings = 0;
			knownRegions = (
				en,
				Base,
			);
			mainGroup = 46C4C07D1C4824E200318374;
			productRefGroup = 46C4C0871C4824E200318374 /* Products */;
			projectDirPath = "";
			projectRoot = "";
			targets = (
				46C4C0851C4824E200318374 /* MyNeighbourhood */,
			);
		};
/* End PBXProject section */

/* Begin PBXResourcesBuildPhase section */
		46C4C0841C4824E200318374 /* Resources */ = {
			isa = PBXResourcesBuildPhase;
			buildActionMask = 2147483647;
			files = (
				46C4C0941C4824E200318374 /* LaunchScreen.storyboard in Resources */,
				46C4C0911C4824E200318374 /* Assets.xcassets in Resources */,
				46C4C08F1C4824E200318374 /* Main.storyboard in Resources */,
			);
			runOnlyForDeploymentPostprocessing = 0;
		};
/* End PBXResourcesBuildPhase section */

/* Begin PBXSourcesBuildPhase section */
		46C4C0821C4824E200318374 /* Sources */ = {
			isa = PBXSourcesBuildPhase;
			buildActionMask = 2147483647;
			files = (
				46C4C08C1C4824E200318374 /* ViewController.swift in Sources */,
				46C4C08A1C4824E200318374 /* AppDelegate.swift in Sources */,
			);
			runOnlyForDeploymentPostprocessing = 0;
		};
/* End PBXSourcesBuildPhase section */

/* Begin PBXVariantGroup section */
		46C4C08D1C4824E200318374 /* Main.storyboard */ = {
			isa = PBXVariantGroup;
			children = (
				46C4C08E1C4824E200318374 /* Base */,
			);
			name = Main.storyboard;
			sourceTree = "<group>";
		};
		46C4C0921C4824E200318374 /* LaunchScreen.storyboard */ = {
			isa = PBXVariantGroup;
			children = (
				46C4C0931C4824E200318374 /* Base */,
			);
			name = LaunchScreen.storyboard;
			sourceTree = "<group>";
		};
/* End PBXVariantGroup section */

/* Begin XCBuildConfiguration section */
		46C4C0961C4824E200318374 /* Debug */ = {
			isa = XCBuildConfiguration;
			buildSettings = {
				ALWAYS_SEARCH_USER_PATHS = NO;
				CLANG_CXX_LANGUAGE_STANDARD = "gnu++0x";
				CLANG_CXX_LIBRARY = "libc++";
				CLANG_ENABLE_MODULES = YES;
				CLANG_ENABLE_OBJC_ARC = YES;
				CLANG_WARN_BOOL_CONVERSION = YES;
				CLANG_WARN_CONSTANT_CONVERSION = YES;
				CLANG_WARN_DIRECT_OBJC_ISA_USAGE = YES_ERROR;
				CLANG_WARN_EMPTY_BODY = YES;
				CLANG_WARN_ENUM_CONVERSION = YES;
				CLANG_WARN_INT_CONVERSION = YES;
				CLANG_WARN_OBJC_ROOT_CLASS = YES_ERROR;
				CLANG_WARN_UNREACHABLE_CODE = YES;
				CLANG_WARN__DUPLICATE_METHOD_MATCH = YES;
				"CODE_SIGN_IDENTITY[sdk=iphoneos*]" = "iPhone Developer";
				COPY_PHASE_STRIP = NO;
				DEBUG_INFORMATION_FORMAT = dwarf;
				ENABLE_STRICT_OBJC_MSGSEND = YES;
				ENABLE_TESTABILITY = YES;
				GCC_C_LANGUAGE_STANDARD = gnu99;
				GCC_DYNAMIC_NO_PIC = NO;
				GCC_NO_COMMON_BLOCKS = YES;
				GCC_OPTIMIZATION_LEVEL = 0;
				GCC_PREPROCESSOR_DEFINITIONS = (
					"DEBUG=1",
					"$(inherited)",
				);
				GCC_WARN_64_TO_32_BIT_CONVERSION = YES;
				GCC_WARN_ABOUT_RETURN_TYPE = YES_ERROR;
				GCC_WARN_UNDECLARED_SELECTOR = YES;
				GCC_WARN_UNINITIALIZED_AUTOS = YES_AGGRESSIVE;
				GCC_WARN_UNUSED_FUNCTION = YES;
				GCC_WARN_UNUSED_VARIABLE = YES;
				IPHONEOS_DEPLOYMENT_TARGET = 9.2;
				MTL_ENABLE_DEBUG_INFO = YES;
				ONLY_ACTIVE_ARCH = YES;
				SDKROOT = iphoneos;
				SWIFT_OPTIMIZATION_LEVEL = "-Onone";
			};
			name = Debug;
		};
		46C4C0971C4824E200318374 /* Release */ = {
			isa = XCBuildConfiguration;
			buildSettings = {
				ALWAYS_SEARCH_USER_PATHS = NO;
				CLANG_CXX_LANGUAGE_STANDARD = "gnu++0x";
				CLANG_CXX_LIBRARY = "libc++";
				CLANG_ENABLE_MODULES = YES;
				CLANG_ENABLE_OBJC_ARC = YES;
				CLANG_WARN_BOOL_CONVERSION = YES;
				CLANG_WARN_CONSTANT_CONVERSION = YES;
				CLANG_WARN_DIRECT_OBJC_ISA_USAGE = YES_ERROR;
				CLANG_WARN_EMPTY_BODY = YES;
				CLANG_WARN_ENUM_CONVERSION = YES;
				CLANG_WARN_INT_CONVERSION = YES;
				CLANG_WARN_OBJC_ROOT_CLASS = YES_ERROR;
				CLANG_WARN_UNREACHABLE_CODE = YES;
				CLANG_WARN__DUPLICATE_METHOD_MATCH = YES;
				"CODE_SIGN_IDENTITY[sdk=iphoneos*]" = "iPhone Developer";
				COPY_PHASE_STRIP = NO;
				DEBUG_INFORMATION_FORMAT = "dwarf-with-dsym";
				ENABLE_NS_ASSERTIONS = NO;
				ENABLE_STRICT_OBJC_MSGSEND = YES;
				GCC_C_LANGUAGE_STANDARD = gnu99;
				GCC_NO_COMMON_BLOCKS = YES;
				GCC_WARN_64_TO_32_BIT_CONVERSION = YES;
				GCC_WARN_ABOUT_RETURN_TYPE = YES_ERROR;
				GCC_WARN_UNDECLARED_SELECTOR = YES;
				GCC_WARN_UNINITIALIZED_AUTOS = YES_AGGRESSIVE;
				GCC_WARN_UNUSED_FUNCTION = YES;
				GCC_WARN_UNUSED_VARIABLE = YES;
				IPHONEOS_DEPLOYMENT_TARGET = 9.2;
				MTL_ENABLE_DEBUG_INFO = NO;
				SDKROOT = iphoneos;
				VALIDATE_PRODUCT = YES;
			};
			name = Release;
		};
		46C4C0991C4824E200318374 /* Debug */ = {
			isa = XCBuildConfiguration;
			buildSettings = {
				ASSETCATALOG_COMPILER_APPICON_NAME = AppIcon;
				INFOPLIST_FILE = MyNeighbourhood/Info.plist;
				LD_RUNPATH_SEARCH_PATHS = "$(inherited) @executable_path/Frameworks";
				PRODUCT_BUNDLE_IDENTIFIER = com.AlexNguyen.MyNeighbourhood;
				PRODUCT_NAME = "$(TARGET_NAME)";
			};
			name = Debug;
		};
		46C4C09A1C4824E200318374 /* Release */ = {
			isa = XCBuildConfiguration;
			buildSettings = {
				ASSETCATALOG_COMPILER_APPICON_NAME = AppIcon;
				INFOPLIST_FILE = MyNeighbourhood/Info.plist;
				LD_RUNPATH_SEARCH_PATHS = "$(inherited) @executable_path/Frameworks";
				PRODUCT_BUNDLE_IDENTIFIER = com.AlexNguyen.MyNeighbourhood;
				PRODUCT_NAME = "$(TARGET_NAME)";
			};
			name = Release;
		};
/* End XCBuildConfiguration section */

/* Begin XCConfigurationList section */
		46C4C0811C4824E200318374 /* Build configuration list for PBXProject "MyNeighbourhood" */ = {
			isa = XCConfigurationList;
			buildConfigurations = (
				46C4C0961C4824E200318374 /* Debug */,
				46C4C0971C4824E200318374 /* Release */,
			);
			defaultConfigurationIsVisible = 0;
			defaultConfigurationName = Release;
		};
		46C4C0981C4824E200318374 /* Build configuration list for PBXNativeTarget "MyNeighbourhood" */ = {
			isa = XCConfigurationList;
			buildConfigurations = (
				46C4C0991C4824E200318374 /* Debug */,
				46C4C09A1C4824E200318374 /* Release */,
			);
			defaultConfigurationIsVisible = 0;
		};
/* End XCConfigurationList section */
	};
	rootObject = 46C4C07E1C4824E200318374 /* Project object */;
}
